// !$*UTF8*$!
{
	archiveVersion = 1;
	classes = {
	};
	objectVersion = 56;
	objects = {

/* Begin PBXBuildFile section */
		8240308A2B1C9184003E8F99 /* AppDelegate.swift in Sources */ = {isa = PBXBuildFile; fileRef = 824030892B1C9184003E8F99 /* AppDelegate.swift */; };
		8240308C2B1C9184003E8F99 /* SceneDelegate.swift in Sources */ = {isa = PBXBuildFile; fileRef = 8240308B2B1C9184003E8F99 /* SceneDelegate.swift */; };
		8240308E2B1C9184003E8F99 /* ViewController.swift in Sources */ = {isa = PBXBuildFile; fileRef = 8240308D2B1C9184003E8F99 /* ViewController.swift */; };
		824030912B1C9184003E8F99 /* Main.storyboard in Resources */ = {isa = PBXBuildFile; fileRef = 8240308F2B1C9184003E8F99 /* Main.storyboard */; };
		824030932B1C9187003E8F99 /* Assets.xcassets in Resources */ = {isa = PBXBuildFile; fileRef = 824030922B1C9187003E8F99 /* Assets.xcassets */; };
		824030962B1C9187003E8F99 /* LaunchScreen.storyboard in Resources */ = {isa = PBXBuildFile; fileRef = 824030942B1C9187003E8F99 /* LaunchScreen.storyboard */; };
		8240309E2B1D66E1003E8F99 /* HomeViewController.swift in Sources */ = {isa = PBXBuildFile; fileRef = 8240309D2B1D66E1003E8F99 /* HomeViewController.swift */; };
		824030A02B1D66F4003E8F99 /* AddDiaryViewController.swift in Sources */ = {isa = PBXBuildFile; fileRef = 8240309F2B1D66F4003E8F99 /* AddDiaryViewController.swift */; };
		824030A22B1D6701003E8F99 /* ViewDiaryViewController.swift in Sources */ = {isa = PBXBuildFile; fileRef = 824030A12B1D6701003E8F99 /* ViewDiaryViewController.swift */; };
		824030A52B1DB600003E8F99 /* Realm in Frameworks */ = {isa = PBXBuildFile; productRef = 824030A42B1DB600003E8F99 /* Realm */; };
		824030A72B1DB600003E8F99 /* RealmSwift in Frameworks */ = {isa = PBXBuildFile; productRef = 824030A62B1DB600003E8F99 /* RealmSwift */; };
		824030A92B1DB720003E8F99 /* DiaryData.swift in Sources */ = {isa = PBXBuildFile; fileRef = 824030A82B1DB720003E8F99 /* DiaryData.swift */; };
		824030C62B22B4CE003E8F99 /* FSCalendar in Frameworks */ = {isa = PBXBuildFile; productRef = 824030C52B22B4CE003E8F99 /* FSCalendar */; };
		824030C92B22B601003E8F99 /* CalculateCalendarLogic in Frameworks */ = {isa = PBXBuildFile; productRef = 824030C82B22B601003E8F99 /* CalculateCalendarLogic */; };
/* End PBXBuildFile section */

/* Begin PBXFileReference section */
		824030862B1C9184003E8F99 /* Diary.app */ = {isa = PBXFileReference; explicitFileType = wrapper.application; includeInIndex = 0; path = Diary.app; sourceTree = BUILT_PRODUCTS_DIR; };
		824030892B1C9184003E8F99 /* AppDelegate.swift */ = {isa = PBXFileReference; lastKnownFileType = sourcecode.swift; path = AppDelegate.swift; sourceTree = "<group>"; };
		8240308B2B1C9184003E8F99 /* SceneDelegate.swift */ = {isa = PBXFileReference; lastKnownFileType = sourcecode.swift; path = SceneDelegate.swift; sourceTree = "<group>"; };
		8240308D2B1C9184003E8F99 /* ViewController.swift */ = {isa = PBXFileReference; lastKnownFileType = sourcecode.swift; path = ViewController.swift; sourceTree = "<group>"; };
		824030902B1C9184003E8F99 /* Base */ = {isa = PBXFileReference; lastKnownFileType = file.storyboard; name = Base; path = Base.lproj/Main.storyboard; sourceTree = "<group>"; };
		824030922B1C9187003E8F99 /* Assets.xcassets */ = {isa = PBXFileReference; lastKnownFileType = folder.assetcatalog; path = Assets.xcassets; sourceTree = "<group>"; };
		824030952B1C9187003E8F99 /* Base */ = {isa = PBXFileReference; lastKnownFileType = file.storyboard; name = Base; path = Base.lproj/LaunchScreen.storyboard; sourceTree = "<group>"; };
		824030972B1C9187003E8F99 /* Info.plist */ = {isa = PBXFileReference; lastKnownFileType = text.plist.xml; path = Info.plist; sourceTree = "<group>"; };
		8240309D2B1D66E1003E8F99 /* HomeViewController.swift */ = {isa = PBXFileReference; lastKnownFileType = sourcecode.swift; path = HomeViewController.swift; sourceTree = "<group>"; };
		8240309F2B1D66F4003E8F99 /* AddDiaryViewController.swift */ = {isa = PBXFileReference; lastKnownFileType = sourcecode.swift; path = AddDiaryViewController.swift; sourceTree = "<group>"; };
		824030A12B1D6701003E8F99 /* ViewDiaryViewController.swift */ = {isa = PBXFileReference; lastKnownFileType = sourcecode.swift; path = ViewDiaryViewController.swift; sourceTree = "<group>"; };
		824030A82B1DB720003E8F99 /* DiaryData.swift */ = {isa = PBXFileReference; lastKnownFileType = sourcecode.swift; path = DiaryData.swift; sourceTree = "<group>"; };
/* End PBXFileReference section */

/* Begin PBXFrameworksBuildPhase section */
		824030832B1C9184003E8F99 /* Frameworks */ = {
			isa = PBXFrameworksBuildPhase;
			buildActionMask = 2147483647;
			files = (
				824030C92B22B601003E8F99 /* CalculateCalendarLogic in Frameworks */,
				824030A72B1DB600003E8F99 /* RealmSwift in Frameworks */,
				824030C62B22B4CE003E8F99 /* FSCalendar in Frameworks */,
				824030A52B1DB600003E8F99 /* Realm in Frameworks */,
			);
			runOnlyForDeploymentPostprocessing = 0;
		};
/* End PBXFrameworksBuildPhase section */

/* Begin PBXGroup section */
		8240307D2B1C9184003E8F99 = {
			isa = PBXGroup;
			children = (
				824030882B1C9184003E8F99 /* Diary */,
				824030872B1C9184003E8F99 /* Products */,
			);
			sourceTree = "<group>";
		};
		824030872B1C9184003E8F99 /* Products */ = {
			isa = PBXGroup;
			children = (
				824030862B1C9184003E8F99 /* Diary.app */,
			);
			name = Products;
			sourceTree = "<group>";
		};
		824030882B1C9184003E8F99 /* Diary */ = {
			isa = PBXGroup;
			children = (
				824030892B1C9184003E8F99 /* AppDelegate.swift */,
				824030A82B1DB720003E8F99 /* DiaryData.swift */,
				8240308B2B1C9184003E8F99 /* SceneDelegate.swift */,
				8240308D2B1C9184003E8F99 /* ViewController.swift */,
				8240308F2B1C9184003E8F99 /* Main.storyboard */,
				8240309D2B1D66E1003E8F99 /* HomeViewController.swift */,
				8240309F2B1D66F4003E8F99 /* AddDiaryViewController.swift */,
				824030A12B1D6701003E8F99 /* ViewDiaryViewController.swift */,
				824030922B1C9187003E8F99 /* Assets.xcassets */,
				824030942B1C9187003E8F99 /* LaunchScreen.storyboard */,
				824030972B1C9187003E8F99 /* Info.plist */,
			);
			path = Diary;
			sourceTree = "<group>";
		};
/* End PBXGroup section */

/* Begin PBXNativeTarget section */
		824030852B1C9184003E8F99 /* Diary */ = {
			isa = PBXNativeTarget;
			buildConfigurationList = 8240309A2B1C9187003E8F99 /* Build configuration list for PBXNativeTarget "Diary" */;
			buildPhases = (
				824030822B1C9184003E8F99 /* Sources */,
				824030832B1C9184003E8F99 /* Frameworks */,
				824030842B1C9184003E8F99 /* Resources */,
			);
			buildRules = (
			);
			dependencies = (
			);
			name = Diary;
			packageProductDependencies = (
				824030A42B1DB600003E8F99 /* Realm */,
				824030A62B1DB600003E8F99 /* RealmSwift */,
				824030C52B22B4CE003E8F99 /* FSCalendar */,
				824030C82B22B601003E8F99 /* CalculateCalendarLogic */,
			);
			productName = Diary;
			productReference = 824030862B1C9184003E8F99 /* Diary.app */;
			productType = "com.apple.product-type.application";
		};
/* End PBXNativeTarget section */

/* Begin PBXProject section */
		8240307E2B1C9184003E8F99 /* Project object */ = {
			isa = PBXProject;
			attributes = {
				BuildIndependentTargetsInParallel = 1;
				LastSwiftUpdateCheck = 1500;
				LastUpgradeCheck = 1500;
				TargetAttributes = {
					824030852B1C9184003E8F99 = {
						CreatedOnToolsVersion = 15.0;
					};
				};
			};
			buildConfigurationList = 824030812B1C9184003E8F99 /* Build configuration list for PBXProject "Diary" */;
			compatibilityVersion = "Xcode 14.0";
			developmentRegion = en;
			hasScannedForEncodings = 0;
			knownRegions = (
				en,
				Base,
			);
			mainGroup = 8240307D2B1C9184003E8F99;
			packageReferences = (
				824030A32B1DB600003E8F99 /* XCRemoteSwiftPackageReference "realm-swift" */,
				824030C42B22B4CE003E8F99 /* XCRemoteSwiftPackageReference "FSCalendar" */,
				824030C72B22B601003E8F99 /* XCRemoteSwiftPackageReference "handMadeCalendarAdvance" */,
			);
			productRefGroup = 824030872B1C9184003E8F99 /* Products */;
			projectDirPath = "";
			projectRoot = "";
			targets = (
				824030852B1C9184003E8F99 /* Diary */,
			);
		};
/* End PBXProject section */

/* Begin PBXResourcesBuildPhase section */
		824030842B1C9184003E8F99 /* Resources */ = {
			isa = PBXResourcesBuildPhase;
			buildActionMask = 2147483647;
			files = (
				824030962B1C9187003E8F99 /* LaunchScreen.storyboard in Resources */,
				824030932B1C9187003E8F99 /* Assets.xcassets in Resources */,
				824030912B1C9184003E8F99 /* Main.storyboard in Resources */,
			);
			runOnlyForDeploymentPostprocessing = 0;
		};
/* End PBXResourcesBuildPhase section */

/* Begin PBXSourcesBuildPhase section */
		824030822B1C9184003E8F99 /* Sources */ = {
			isa = PBXSourcesBuildPhase;
			buildActionMask = 2147483647;
			files = (
				8240308E2B1C9184003E8F99 /* ViewController.swift in Sources */,
				8240308A2B1C9184003E8F99 /* AppDelegate.swift in Sources */,
				824030A92B1DB720003E8F99 /* DiaryData.swift in Sources */,
				8240308C2B1C9184003E8F99 /* SceneDelegate.swift in Sources */,
				824030A02B1D66F4003E8F99 /* AddDiaryViewController.swift in Sources */,
				8240309E2B1D66E1003E8F99 /* HomeViewController.swift in Sources */,
				824030A22B1D6701003E8F99 /* ViewDiaryViewController.swift in Sources */,
			);
			runOnlyForDeploymentPostprocessing = 0;
		};
/* End PBXSourcesBuildPhase section */

/* Begin PBXVariantGroup section */
		8240308F2B1C9184003E8F99 /* Main.storyboard */ = {
			isa = PBXVariantGroup;
			children = (
				824030902B1C9184003E8F99 /* Base */,
			);
			name = Main.storyboard;
			sourceTree = "<group>";
		};
		824030942B1C9187003E8F99 /* LaunchScreen.storyboard */ = {
			isa = PBXVariantGroup;
			children = (
				824030952B1C9187003E8F99 /* Base */,
			);
			name = LaunchScreen.storyboard;
			sourceTree = "<group>";
		};
/* End PBXVariantGroup section */

/* Begin XCBuildConfiguration section */
		824030982B1C9187003E8F99 /* Debug */ = {
			isa = XCBuildConfiguration;
			buildSettings = {
				ALWAYS_SEARCH_USER_PATHS = NO;
				ASSETCATALOG_COMPILER_GENERATE_SWIFT_ASSET_SYMBOL_EXTENSIONS = YES;
				CLANG_ANALYZER_NONNULL = YES;
				CLANG_ANALYZER_NUMBER_OBJECT_CONVERSION = YES_AGGRESSIVE;
				CLANG_CXX_LANGUAGE_STANDARD = "gnu++20";
				CLANG_ENABLE_MODULES = YES;
				CLANG_ENABLE_OBJC_ARC = YES;
				CLANG_ENABLE_OBJC_WEAK = YES;
				CLANG_WARN_BLOCK_CAPTURE_AUTORELEASING = YES;
				CLANG_WARN_BOOL_CONVERSION = YES;
				CLANG_WARN_COMMA = YES;
				CLANG_WARN_CONSTANT_CONVERSION = YES;
				CLANG_WARN_DEPRECATED_OBJC_IMPLEMENTATIONS = YES;
				CLANG_WARN_DIRECT_OBJC_ISA_USAGE = YES_ERROR;
				CLANG_WARN_DOCUMENTATION_COMMENTS = YES;
				CLANG_WARN_EMPTY_BODY = YES;
				CLANG_WARN_ENUM_CONVERSION = YES;
				CLANG_WARN_INFINITE_RECURSION = YES;
				CLANG_WARN_INT_CONVERSION = YES;
				CLANG_WARN_NON_LITERAL_NULL_CONVERSION = YES;
				CLANG_WARN_OBJC_IMPLICIT_RETAIN_SELF = YES;
				CLANG_WARN_OBJC_LITERAL_CONVERSION = YES;
				CLANG_WARN_OBJC_ROOT_CLASS = YES_ERROR;
				CLANG_WARN_QUOTED_INCLUDE_IN_FRAMEWORK_HEADER = YES;
				CLANG_WARN_RANGE_LOOP_ANALYSIS = YES;
				CLANG_WARN_STRICT_PROTOTYPES = YES;
				CLANG_WARN_SUSPICIOUS_MOVE = YES;
				CLANG_WARN_UNGUARDED_AVAILABILITY = YES_AGGRESSIVE;
				CLANG_WARN_UNREACHABLE_CODE = YES;
				CLANG_WARN__DUPLICATE_METHOD_MATCH = YES;
				COPY_PHASE_STRIP = NO;
				DEBUG_INFORMATION_FORMAT = dwarf;
				ENABLE_STRICT_OBJC_MSGSEND = YES;
				ENABLE_TESTABILITY = YES;
				ENABLE_USER_SCRIPT_SANDBOXING = YES;
				GCC_C_LANGUAGE_STANDARD = gnu17;
				GCC_DYNAMIC_NO_PIC = NO;
				GCC_NO_COMMON_BLOCKS = YES;
				GCC_OPTIMIZATION_LEVEL = 0;
				GCC_PREPROCESSOR_DEFINITIONS = (
					"DEBUG=1",
					"$(inherited)",
				);
				GCC_WARN_64_TO_32_BIT_CONVERSION = YES;
				GCC_WARN_ABOUT_RETURN_TYPE = YES_ERROR;
				GCC_WARN_UNDECLARED_SELECTOR = YES;
				GCC_WARN_UNINITIALIZED_AUTOS = YES_AGGRESSIVE;
				GCC_WARN_UNUSED_FUNCTION = YES;
				GCC_WARN_UNUSED_VARIABLE = YES;
				IPHONEOS_DEPLOYMENT_TARGET = 17.0;
				LOCALIZATION_PREFERS_STRING_CATALOGS = YES;
				MTL_ENABLE_DEBUG_INFO = INCLUDE_SOURCE;
				MTL_FAST_MATH = YES;
				ONLY_ACTIVE_ARCH = YES;
				SDKROOT = iphoneos;
				SWIFT_ACTIVE_COMPILATION_CONDITIONS = "DEBUG $(inherited)";
				SWIFT_OPTIMIZATION_LEVEL = "-Onone";
			};
			name = Debug;
		};
		824030992B1C9187003E8F99 /* Release */ = {
			isa = XCBuildConfiguration;
			buildSettings = {
				ALWAYS_SEARCH_USER_PATHS = NO;
				ASSETCATALOG_COMPILER_GENERATE_SWIFT_ASSET_SYMBOL_EXTENSIONS = YES;
				CLANG_ANALYZER_NONNULL = YES;
				CLANG_ANALYZER_NUMBER_OBJECT_CONVERSION = YES_AGGRESSIVE;
				CLANG_CXX_LANGUAGE_STANDARD = "gnu++20";
				CLANG_ENABLE_MODULES = YES;
				CLANG_ENABLE_OBJC_ARC = YES;
				CLANG_ENABLE_OBJC_WEAK = YES;
				CLANG_WARN_BLOCK_CAPTURE_AUTORELEASING = YES;
				CLANG_WARN_BOOL_CONVERSION = YES;
				CLANG_WARN_COMMA = YES;
				CLANG_WARN_CONSTANT_CONVERSION = YES;
				CLANG_WARN_DEPRECATED_OBJC_IMPLEMENTATIONS = YES;
				CLANG_WARN_DIRECT_OBJC_ISA_USAGE = YES_ERROR;
				CLANG_WARN_DOCUMENTATION_COMMENTS = YES;
				CLANG_WARN_EMPTY_BODY = YES;
				CLANG_WARN_ENUM_CONVERSION = YES;
				CLANG_WARN_INFINITE_RECURSION = YES;
				CLANG_WARN_INT_CONVERSION = YES;
				CLANG_WARN_NON_LITERAL_NULL_CONVERSION = YES;
				CLANG_WARN_OBJC_IMPLICIT_RETAIN_SELF = YES;
				CLANG_WARN_OBJC_LITERAL_CONVERSION = YES;
				CLANG_WARN_OBJC_ROOT_CLASS = YES_ERROR;
				CLANG_WARN_QUOTED_INCLUDE_IN_FRAMEWORK_HEADER = YES;
				CLANG_WARN_RANGE_LOOP_ANALYSIS = YES;
				CLANG_WARN_STRICT_PROTOTYPES = YES;
				CLANG_WARN_SUSPICIOUS_MOVE = YES;
				CLANG_WARN_UNGUARDED_AVAILABILITY = YES_AGGRESSIVE;
				CLANG_WARN_UNREACHABLE_CODE = YES;
				CLANG_WARN__DUPLICATE_METHOD_MATCH = YES;
				COPY_PHASE_STRIP = NO;
				DEBUG_INFORMATION_FORMAT = "dwarf-with-dsym";
				ENABLE_NS_ASSERTIONS = NO;
				ENABLE_STRICT_OBJC_MSGSEND = YES;
				ENABLE_USER_SCRIPT_SANDBOXING = YES;
				GCC_C_LANGUAGE_STANDARD = gnu17;
				GCC_NO_COMMON_BLOCKS = YES;
				GCC_WARN_64_TO_32_BIT_CONVERSION = YES;
				GCC_WARN_ABOUT_RETURN_TYPE = YES_ERROR;
				GCC_WARN_UNDECLARED_SELECTOR = YES;
				GCC_WARN_UNINITIALIZED_AUTOS = YES_AGGRESSIVE;
				GCC_WARN_UNUSED_FUNCTION = YES;
				GCC_WARN_UNUSED_VARIABLE = YES;
				IPHONEOS_DEPLOYMENT_TARGET = 17.0;
				LOCALIZATION_PREFERS_STRING_CATALOGS = YES;
				MTL_ENABLE_DEBUG_INFO = NO;
				MTL_FAST_MATH = YES;
				SDKROOT = iphoneos;
				SWIFT_COMPILATION_MODE = wholemodule;
				VALIDATE_PRODUCT = YES;
			};
			name = Release;
		};
		8240309B2B1C9187003E8F99 /* Debug */ = {
			isa = XCBuildConfiguration;
			buildSettings = {
				ASSETCATALOG_COMPILER_APPICON_NAME = AppIcon;
				ASSETCATALOG_COMPILER_GLOBAL_ACCENT_COLOR_NAME = AccentColor;
				CODE_SIGN_STYLE = Automatic;
				CURRENT_PROJECT_VERSION = 1;
				DEVELOPMENT_TEAM = 35J88B9SPN;
				GENERATE_INFOPLIST_FILE = YES;
				INFOPLIST_FILE = Diary/Info.plist;
				INFOPLIST_KEY_UIApplicationSupportsIndirectInputEvents = YES;
				INFOPLIST_KEY_UILaunchStoryboardName = LaunchScreen;
				INFOPLIST_KEY_UIMainStoryboardFile = Main;
				INFOPLIST_KEY_UISupportedInterfaceOrientations_iPad = "UIInterfaceOrientationPortrait UIInterfaceOrientationPortraitUpsideDown UIInterfaceOrientationLandscapeLeft UIInterfaceOrientationLandscapeRight";
				INFOPLIST_KEY_UISupportedInterfaceOrientations_iPhone = "UIInterfaceOrientationPortrait UIInterfaceOrientationLandscapeLeft UIInterfaceOrientationLandscapeRight";
				LD_RUNPATH_SEARCH_PATHS = (
					"$(inherited)",
					"@executable_path/Frameworks",
				);
				MARKETING_VERSION = 1.0;
				PRODUCT_BUNDLE_IDENTIFIER = app.haruchan.haruta.Diary;
				PRODUCT_NAME = "$(TARGET_NAME)";
				SWIFT_EMIT_LOC_STRINGS = YES;
				SWIFT_VERSION = 5.0;
				TARGETED_DEVICE_FAMILY = "1,2";
			};
			name = Debug;
		};
		8240309C2B1C9187003E8F99 /* Release */ = {
			isa = XCBuildConfiguration;
			buildSettings = {
				ASSETCATALOG_COMPILER_APPICON_NAME = AppIcon;
				ASSETCATALOG_COMPILER_GLOBAL_ACCENT_COLOR_NAME = AccentColor;
				CODE_SIGN_STYLE = Automatic;
				CURRENT_PROJECT_VERSION = 1;
				DEVELOPMENT_TEAM = 35J88B9SPN;
				GENERATE_INFOPLIST_FILE = YES;
				INFOPLIST_FILE = Diary/Info.plist;
				INFOPLIST_KEY_UIApplicationSupportsIndirectInputEvents = YES;
				INFOPLIST_KEY_UILaunchStoryboardName = LaunchScreen;
				INFOPLIST_KEY_UIMainStoryboardFile = Main;
				INFOPLIST_KEY_UISupportedInterfaceOrientations_iPad = "UIInterfaceOrientationPortrait UIInterfaceOrientationPortraitUpsideDown UIInterfaceOrientationLandscapeLeft UIInterfaceOrientationLandscapeRight";
				INFOPLIST_KEY_UISupportedInterfaceOrientations_iPhone = "UIInterfaceOrientationPortrait UIInterfaceOrientationLandscapeLeft UIInterfaceOrientationLandscapeRight";
				LD_RUNPATH_SEARCH_PATHS = (
					"$(inherited)",
					"@executable_path/Frameworks",
				);
				MARKETING_VERSION = 1.0;
				PRODUCT_BUNDLE_IDENTIFIER = app.haruchan.haruta.Diary;
				PRODUCT_NAME = "$(TARGET_NAME)";
				SWIFT_EMIT_LOC_STRINGS = YES;
				SWIFT_VERSION = 5.0;
				TARGETED_DEVICE_FAMILY = "1,2";
			};
			name = Release;
		};
/* End XCBuildConfiguration section */

/* Begin XCConfigurationList section */
		824030812B1C9184003E8F99 /* Build configuration list for PBXProject "Diary" */ = {
			isa = XCConfigurationList;
			buildConfigurations = (
				824030982B1C9187003E8F99 /* Debug */,
				824030992B1C9187003E8F99 /* Release */,
			);
			defaultConfigurationIsVisible = 0;
			defaultConfigurationName = Release;
		};
		8240309A2B1C9187003E8F99 /* Build configuration list for PBXNativeTarget "Diary" */ = {
			isa = XCConfigurationList;
			buildConfigurations = (
				8240309B2B1C9187003E8F99 /* Debug */,
				8240309C2B1C9187003E8F99 /* Release */,
			);
			defaultConfigurationIsVisible = 0;
			defaultConfigurationName = Release;
		};
/* End XCConfigurationList section */

/* Begin XCRemoteSwiftPackageReference section */
		824030A32B1DB600003E8F99 /* XCRemoteSwiftPackageReference "realm-swift" */ = {
			isa = XCRemoteSwiftPackageReference;
			repositoryURL = "https://github.com/realm/realm-swift";
			requirement = {
				branch = master;
				kind = branch;
			};
		};
		824030C42B22B4CE003E8F99 /* XCRemoteSwiftPackageReference "FSCalendar" */ = {
			isa = XCRemoteSwiftPackageReference;
			repositoryURL = "https://github.com/WenchaoD/FSCalendar";
			requirement = {
				kind = upToNextMajorVersion;
				minimumVersion = 2.8.4;
			};
		};
		824030C72B22B601003E8F99 /* XCRemoteSwiftPackageReference "handMadeCalendarAdvance" */ = {
			isa = XCRemoteSwiftPackageReference;
			repositoryURL = "https://github.com/fumiyasac/handMadeCalendarAdvance";
			requirement = {
				kind = upToNextMajorVersion;
				minimumVersion = 0.6.1;
			};
		};
/* End XCRemoteSwiftPackageReference section */

/* Begin XCSwiftPackageProductDependency section */
		824030A42B1DB600003E8F99 /* Realm */ = {
			isa = XCSwiftPackageProductDependency;
			package = 824030A32B1DB600003E8F99 /* XCRemoteSwiftPackageReference "realm-swift" */;
			productName = Realm;
		};
		824030A62B1DB600003E8F99 /* RealmSwift */ = {
			isa = XCSwiftPackageProductDependency;
			package = 824030A32B1DB600003E8F99 /* XCRemoteSwiftPackageReference "realm-swift" */;
			productName = RealmSwift;
		};
		824030C52B22B4CE003E8F99 /* FSCalendar */ = {
			isa = XCSwiftPackageProductDependency;
			package = 824030C42B22B4CE003E8F99 /* XCRemoteSwiftPackageReference "FSCalendar" */;
			productName = FSCalendar;
		};
		824030C82B22B601003E8F99 /* CalculateCalendarLogic */ = {
			isa = XCSwiftPackageProductDependency;
			package = 824030C72B22B601003E8F99 /* XCRemoteSwiftPackageReference "handMadeCalendarAdvance" */;
			productName = CalculateCalendarLogic;
		};
/* End XCSwiftPackageProductDependency section */
	};
	rootObject = 8240307E2B1C9184003E8F99 /* Project object */;
}
